
Microsoft Visual Studio Solution File, Format Version 12.00
# Visual Studio 15
VisualStudioVersion = 15.0.26730.15
MinimumVisualStudioVersion = 10.0.40219.1
Project("{FAE04EC0-301F-11D3-BF4B-00C04F79EFBC}") = "BuildAZoo", "BuildAZoo\BuildAZoo.csproj", "{E373A45B-746F-4BFF-BDFF-F8B62A2B4EF3}"
EndProject
Global
	GlobalSection(SolutionConfigurationPlatforms) = preSolution
		Debug|Any CPU = Debug|Any CPU
		Release|Any CPU = Release|Any CPU
	EndGlobalSection
	GlobalSection(ProjectConfigurationPlatforms) = postSolution
		{E373A45B-746F-4BFF-BDFF-F8B62A2B4EF3}.Debug|Any CPU.ActiveCfg = Debug|Any CPU
		{E373A45B-746F-4BFF-BDFF-F8B62A2B4EF3}.Debug|Any CPU.Build.0 = Debug|Any CPU
		{E373A45B-746F-4BFF-BDFF-F8B62A2B4EF3}.Release|Any CPU.ActiveCfg = Release|Any CPU
		{E373A45B-746F-4BFF-BDFF-F8B62A2B4EF3}.Release|Any CPU.Build.0 = Release|Any CPU
	EndGlobalSection
	GlobalSection(SolutionProperties) = preSolution
		HideSolutionNode = FALSE
	EndGlobalSection
	GlobalSection(ExtensibilityGlobals) = postSolution
		SolutionGuid = {ABB9964F-557B-4CCD-A3E9-29E00B450969}
	EndGlobalSection
EndGlobal
